{
  "name": "@fullcalendar/icalendar",
  "version": "6.1.5",
  "lockfileVersion": 2,
  "requires": true,
  "packages": {
    "": {
      "name": "@fullcalendar/icalendar",
      "version": "6.1.5",
      "devDependencies": {
        "@fullcalendar/core": "~6.1.5",
        "@fullcalendar/standard-scripts": "*",
        "ical.js": "^1.4.0"
      },
      "peerDependencies": {
        "@fullcalendar/core": "~6.1.5",
        "ical.js": "^1.4.0"
      }
    },
    "node_modules/@fullcalendar/core": {
      "version": "6.1.5",
      "resolved": "https://registry.npmjs.org/@fullcalendar/core/-/core-6.1.5.tgz",
      "integrity": "sha512-U3ZJy1JGAgvyXG4iLWvTW4osbkt5Fj9gmbU1B+RyRhiqwXGE0F329sX7kqLTzj3QI1IPzyq6xnJfWUIsAe7+qw==",
      "dev": true,
      "dependencies": {
        "preact": "~10.12.1"
      }
    },
    "node_modules/@fullcalendar/standard-scripts": {
      "version": "0.0.0",
      "resolved": "https://registry.npmjs.org/@fullcalendar/standard-scripts/-/standard-scripts-0.0.0.tgz",
      "integrity": "sha512-vXE/ZYb/7ZhMgWLjfGa/mxUZ/VZlzYTy/AKlOpVk8CK0J7iZyoe6mzp4WJfzSKpk39HkNbeIPaKjTxEt2jlzHw==",
      "dev": true
    },
    "node_modules/ical.js": {
      "version": "1.5.0",
      "resolved": "https://registry.npmjs.org/ical.js/-/ical.js-1.5.0.tgz",
      "integrity": "sha512-7ZxMkogUkkaCx810yp0ZGKvq1ZpRgJeornPttpoxe6nYZ3NLesZe1wWMXDdwTkj/b5NtXT+Y16Aakph/ao98ZQ==",
      "dev": true
    },
    "node_modules/preact": {
      "version": "10.12.1",
      "resolved": "https://registry.npmjs.org/preact/-/preact-10.12.1.tgz",
      "integrity": "sha512-l8386ixSsBdbreOAkqtrwqHwdvR35ID8c3rKPa8lCWuO86dBi32QWHV4vfsZK1utLLFMvw+Z5Ad4XLkZzchscg==",
      "dev": true,
      "funding": {
        "type": "opencollective",
        "url": "https://opencollective.com/preact"
      }
    }
  },
  "dependencies": {
    "@fullcalendar/core": {
      "version": "6.1.5",
      "resolved": "https://registry.npmjs.org/@fullcalendar/core/-/core-6.1.5.tgz",
      "integrity": "sha512-U3ZJy1JGAgvyXG4iLWvTW4osbkt5Fj9gmbU1B+RyRhiqwXGE0F329sX7kqLTzj3QI1IPzyq6xnJfWUIsAe7+qw==",
      "dev": true,
      "requires": {
        "preact": "~10.12.1"
      }
    },
    "@fullcalendar/standard-scripts": {
      "version": "0.0.0",
      "resolved": "https://registry.npmjs.org/@fullcalendar/standard-scripts/-/standard-scripts-0.0.0.tgz",
      "integrity": "sha512-vXE/ZYb/7ZhMgWLjfGa/mxUZ/VZlzYTy/AKlOpVk8CK0J7iZyoe6mzp4WJfzSKpk39HkNbeIPaKjTxEt2jlzHw==",
      "dev": true
    },
    "ical.js": {
      "version": "1.5.0",
      "resolved": "https://registry.npmjs.org/ical.js/-/ical.js-1.5.0.tgz",
      "integrity": "sha512-7ZxMkogUkkaCx810yp0ZGKvq1ZpRgJeornPttpoxe6nYZ3NLesZe1wWMXDdwTkj/b5NtXT+Y16Aakph/ao98ZQ==",
      "dev": true
    },
    "preact": {
      "version": "10.12.1",
      "resolved": "https://registry.npmjs.org/preact/-/preact-10.12.1.tgz",
      "integrity": "sha512-l8386ixSsBdbreOAkqtrwqHwdvR35ID8c3rKPa8lCWuO86dBi32QWHV4vfsZK1utLLFMvw+Z5Ad4XLkZzchscg==",
      "dev": true
    }
  }
}
